
Microsoft Visual Studio Solution File, Format Version 11.00
# Visual Studio 2010
Project("{FAE04EC0-301F-11D3-BF4B-00C04F79EFBC}") = "PhotonUnityNetworking.Utilities", "PhotonUnityNetworking.Utilities.csproj", "{dccb59f9-dd50-700d-9079-9c54ebc6b3be}"
EndProject
Project("{FAE04EC0-301F-11D3-BF4B-00C04F79EFBC}") = "Assembly-CSharp", "Assembly-CSharp.csproj", "{c8260f1f-55c7-cfb8-698f-a689a787647f}"
EndProject
Project("{FAE04EC0-301F-11D3-BF4B-00C04F79EFBC}") = "PlayFab", "PlayFab.csproj", "{4c2a7bd9-c66a-e7ea-0910-c20c85ed6145}"
EndProject
Project("{FAE04EC0-301F-11D3-BF4B-00C04F79EFBC}") = "PhotonUnityNetworking.Demos", "PhotonUnityNetworking.Demos.csproj", "{cc48702c-23f9-40d0-1c8c-649af4b3e1d0}"
EndProject
Project("{FAE04EC0-301F-11D3-BF4B-00C04F79EFBC}") = "PhotonUnityNetworking", "PhotonUnityNetworking.csproj", "{ac72fff9-cd9e-4d40-426f-fab2ca2ecba0}"
EndProject
Project("{FAE04EC0-301F-11D3-BF4B-00C04F79EFBC}") = "PhotonChat", "PhotonChat.csproj", "{606aca8f-a055-9343-aabb-853012711a17}"
EndProject
Project("{FAE04EC0-301F-11D3-BF4B-00C04F79EFBC}") = "PhotonRealtime", "PhotonRealtime.csproj", "{9c9ae136-4beb-13ed-b33f-804e20095fbe}"
EndProject
Project("{FAE04EC0-301F-11D3-BF4B-00C04F79EFBC}") = "Assembly-CSharp-firstpass", "Assembly-CSharp-firstpass.csproj", "{c02492e5-afdf-4806-3dde-f3b3270ed105}"
EndProject
Project("{FAE04EC0-301F-11D3-BF4B-00C04F79EFBC}") = "PhotonUnityNetworking.Editor", "PhotonUnityNetworking.Editor.csproj", "{bb20c462-ef26-d6b5-4de6-b28d3378ee5b}"
EndProject
Project("{FAE04EC0-301F-11D3-BF4B-00C04F79EFBC}") = "PlayFabEditorExtensions", "PlayFabEditorExtensions.csproj", "{9ce3652e-0124-c904-4e21-1b4d6bf679ec}"
EndProject
Project("{FAE04EC0-301F-11D3-BF4B-00C04F79EFBC}") = "Assembly-CSharp-Editor", "Assembly-CSharp-Editor.csproj", "{cb19ccb2-a11c-6b4b-1dc4-bff4b1a850bf}"
EndProject
Project("{FAE04EC0-301F-11D3-BF4B-00C04F79EFBC}") = "PhotonUnityNetworking.Utilities.PhotonPlayer.Editor", "PhotonUnityNetworking.Utilities.PhotonPlayer.Editor.csproj", "{d6cceea7-f6fd-99bc-63f4-bfe141b7b33d}"
EndProject
Project("{FAE04EC0-301F-11D3-BF4B-00C04F79EFBC}") = "PlayFabSDKEditor", "PlayFabSDKEditor.csproj", "{d2a2b183-58dd-964d-2014-90e630db871b}"
EndProject
Project("{FAE04EC0-301F-11D3-BF4B-00C04F79EFBC}") = "PunDemos.DemoSlotcarEditor", "PunDemos.DemoSlotcarEditor.csproj", "{ec09eedc-95fb-8b34-ec75-99d32c17cb65}"
EndProject
Project("{FAE04EC0-301F-11D3-BF4B-00C04F79EFBC}") = "PhotonUnityNetworking.Utilities.Culling.Editor", "PhotonUnityNetworking.Utilities.Culling.Editor.csproj", "{21e04322-ea4f-c2cc-6792-8df3d153e832}"
EndProject
Project("{FAE04EC0-301F-11D3-BF4B-00C04F79EFBC}") = "PunDemos.DemoHubEditor", "PunDemos.DemoHubEditor.csproj", "{eb10e26b-5756-b113-bc3b-705eaa321aab}"
EndProject
Global
	GlobalSection(SolutionConfigurationPlatforms) = preSolution
		Debug|Any CPU = Debug|Any CPU
	EndGlobalSection
	GlobalSection(ProjectConfigurationPlatforms) = postSolution
		{dccb59f9-dd50-700d-9079-9c54ebc6b3be}.Debug|Any CPU.ActiveCfg = Debug|Any CPU
		{dccb59f9-dd50-700d-9079-9c54ebc6b3be}.Debug|Any CPU.Build.0 = Debug|Any CPU
		{c8260f1f-55c7-cfb8-698f-a689a787647f}.Debug|Any CPU.ActiveCfg = Debug|Any CPU
		{c8260f1f-55c7-cfb8-698f-a689a787647f}.Debug|Any CPU.Build.0 = Debug|Any CPU
		{4c2a7bd9-c66a-e7ea-0910-c20c85ed6145}.Debug|Any CPU.ActiveCfg = Debug|Any CPU
		{4c2a7bd9-c66a-e7ea-0910-c20c85ed6145}.Debug|Any CPU.Build.0 = Debug|Any CPU
		{cc48702c-23f9-40d0-1c8c-649af4b3e1d0}.Debug|Any CPU.ActiveCfg = Debug|Any CPU
		{cc48702c-23f9-40d0-1c8c-649af4b3e1d0}.Debug|Any CPU.Build.0 = Debug|Any CPU
		{ac72fff9-cd9e-4d40-426f-fab2ca2ecba0}.Debug|Any CPU.ActiveCfg = Debug|Any CPU
		{ac72fff9-cd9e-4d40-426f-fab2ca2ecba0}.Debug|Any CPU.Build.0 = Debug|Any CPU
		{606aca8f-a055-9343-aabb-853012711a17}.Debug|Any CPU.ActiveCfg = Debug|Any CPU
		{606aca8f-a055-9343-aabb-853012711a17}.Debug|Any CPU.Build.0 = Debug|Any CPU
		{9c9ae136-4beb-13ed-b33f-804e20095fbe}.Debug|Any CPU.ActiveCfg = Debug|Any CPU
		{9c9ae136-4beb-13ed-b33f-804e20095fbe}.Debug|Any CPU.Build.0 = Debug|Any CPU
		{c02492e5-afdf-4806-3dde-f3b3270ed105}.Debug|Any CPU.ActiveCfg = Debug|Any CPU
		{c02492e5-afdf-4806-3dde-f3b3270ed105}.Debug|Any CPU.Build.0 = Debug|Any CPU
		{bb20c462-ef26-d6b5-4de6-b28d3378ee5b}.Debug|Any CPU.ActiveCfg = Debug|Any CPU
		{bb20c462-ef26-d6b5-4de6-b28d3378ee5b}.Debug|Any CPU.Build.0 = Debug|Any CPU
		{9ce3652e-0124-c904-4e21-1b4d6bf679ec}.Debug|Any CPU.ActiveCfg = Debug|Any CPU
		{9ce3652e-0124-c904-4e21-1b4d6bf679ec}.Debug|Any CPU.Build.0 = Debug|Any CPU
		{cb19ccb2-a11c-6b4b-1dc4-bff4b1a850bf}.Debug|Any CPU.ActiveCfg = Debug|Any CPU
		{cb19ccb2-a11c-6b4b-1dc4-bff4b1a850bf}.Debug|Any CPU.Build.0 = Debug|Any CPU
		{d6cceea7-f6fd-99bc-63f4-bfe141b7b33d}.Debug|Any CPU.ActiveCfg = Debug|Any CPU
		{d6cceea7-f6fd-99bc-63f4-bfe141b7b33d}.Debug|Any CPU.Build.0 = Debug|Any CPU
		{d2a2b183-58dd-964d-2014-90e630db871b}.Debug|Any CPU.ActiveCfg = Debug|Any CPU
		{d2a2b183-58dd-964d-2014-90e630db871b}.Debug|Any CPU.Build.0 = Debug|Any CPU
		{ec09eedc-95fb-8b34-ec75-99d32c17cb65}.Debug|Any CPU.ActiveCfg = Debug|Any CPU
		{ec09eedc-95fb-8b34-ec75-99d32c17cb65}.Debug|Any CPU.Build.0 = Debug|Any CPU
		{21e04322-ea4f-c2cc-6792-8df3d153e832}.Debug|Any CPU.ActiveCfg = Debug|Any CPU
		{21e04322-ea4f-c2cc-6792-8df3d153e832}.Debug|Any CPU.Build.0 = Debug|Any CPU
		{eb10e26b-5756-b113-bc3b-705eaa321aab}.Debug|Any CPU.ActiveCfg = Debug|Any CPU
		{eb10e26b-5756-b113-bc3b-705eaa321aab}.Debug|Any CPU.Build.0 = Debug|Any CPU
	EndGlobalSection
	GlobalSection(SolutionProperties) = preSolution
		HideSolutionNode = FALSE
	EndGlobalSection
EndGlobal
